// !$*UTF8*$!
{
	archiveVersion = 1;
	classes = {
	};
	objectVersion = 55;
	objects = {

/* Begin PBXBuildFile section */
		248878822885B24B0097B676 /* Constants.swift in Sources */ = {isa = PBXBuildFile; fileRef = 248878812885B24B0097B676 /* Constants.swift */; };
		24DFAB3B28838ABB006C6D7F /* AppDelegate.swift in Sources */ = {isa = PBXBuildFile; fileRef = 24DFAB3A28838ABB006C6D7F /* AppDelegate.swift */; };
		24DFAB3D28838ABB006C6D7F /* SceneDelegate.swift in Sources */ = {isa = PBXBuildFile; fileRef = 24DFAB3C28838ABB006C6D7F /* SceneDelegate.swift */; };
		24DFAB3F28838ABB006C6D7F /* CalendarViewController.swift in Sources */ = {isa = PBXBuildFile; fileRef = 24DFAB3E28838ABB006C6D7F /* CalendarViewController.swift */; };
		24DFAB4228838ABB006C6D7F /* Main.storyboard in Resources */ = {isa = PBXBuildFile; fileRef = 24DFAB4028838ABB006C6D7F /* Main.storyboard */; };
		24DFAB4428838AC3006C6D7F /* Assets.xcassets in Resources */ = {isa = PBXBuildFile; fileRef = 24DFAB4328838AC3006C6D7F /* Assets.xcassets */; };
		24DFAB4728838AC3006C6D7F /* LaunchScreen.storyboard in Resources */ = {isa = PBXBuildFile; fileRef = 24DFAB4528838AC3006C6D7F /* LaunchScreen.storyboard */; };
		24DFAB5228838CE0006C6D7F /* HistoryViewController.swift in Sources */ = {isa = PBXBuildFile; fileRef = 24DFAB5128838CE0006C6D7F /* HistoryViewController.swift */; };
		24DFAB5428838CEC006C6D7F /* NewTradeViewController.swift in Sources */ = {isa = PBXBuildFile; fileRef = 24DFAB5328838CEC006C6D7F /* NewTradeViewController.swift */; };
		24DFAB5628838D06006C6D7F /* NotificationsViewController.swift in Sources */ = {isa = PBXBuildFile; fileRef = 24DFAB5528838D06006C6D7F /* NotificationsViewController.swift */; };
		24DFAB5828838D1A006C6D7F /* ProfileViewController.swift in Sources */ = {isa = PBXBuildFile; fileRef = 24DFAB5728838D1A006C6D7F /* ProfileViewController.swift */; };
		24DFAB5C28838DB7006C6D7F /* LoginViewController.swift in Sources */ = {isa = PBXBuildFile; fileRef = 24DFAB5B28838DB7006C6D7F /* LoginViewController.swift */; };
		24DFAB5F288445EC006C6D7F /* Person.swift in Sources */ = {isa = PBXBuildFile; fileRef = 24DFAB5E288445EC006C6D7F /* Person.swift */; };
		4BC0E81D13E1A583EF18151D /* Pods_forEXperts.framework in Frameworks */ = {isa = PBXBuildFile; fileRef = BD33D90BA188B035843263D8 /* Pods_forEXperts.framework */; };
		90131DA6288B6F9B00AC15A4 /* CryptoTableViewCell.swift in Sources */ = {isa = PBXBuildFile; fileRef = 90131DA5288B6F9B00AC15A4 /* CryptoTableViewCell.swift */; };
		90131DA8288B75C700AC15A4 /* Models.swift in Sources */ = {isa = PBXBuildFile; fileRef = 90131DA7288B75C700AC15A4 /* Models.swift */; };
		90131DB4288E6D7100AC15A4 /* APICaller.swift in Sources */ = {isa = PBXBuildFile; fileRef = 90131DB3288E6D7100AC15A4 /* APICaller.swift */; };
/* End PBXBuildFile section */

/* Begin PBXFileReference section */
		248878812885B24B0097B676 /* Constants.swift */ = {isa = PBXFileReference; lastKnownFileType = sourcecode.swift; path = Constants.swift; sourceTree = "<group>"; };
		24DFAB3728838ABB006C6D7F /* forEXperts.app */ = {isa = PBXFileReference; explicitFileType = wrapper.application; includeInIndex = 0; path = forEXperts.app; sourceTree = BUILT_PRODUCTS_DIR; };
		24DFAB3A28838ABB006C6D7F /* AppDelegate.swift */ = {isa = PBXFileReference; lastKnownFileType = sourcecode.swift; path = AppDelegate.swift; sourceTree = "<group>"; };
		24DFAB3C28838ABB006C6D7F /* SceneDelegate.swift */ = {isa = PBXFileReference; lastKnownFileType = sourcecode.swift; path = SceneDelegate.swift; sourceTree = "<group>"; };
		24DFAB3E28838ABB006C6D7F /* CalendarViewController.swift */ = {isa = PBXFileReference; lastKnownFileType = sourcecode.swift; path = CalendarViewController.swift; sourceTree = "<group>"; };
		24DFAB4128838ABB006C6D7F /* Base */ = {isa = PBXFileReference; lastKnownFileType = file.storyboard; name = Base; path = Base.lproj/Main.storyboard; sourceTree = "<group>"; };
		24DFAB4328838AC3006C6D7F /* Assets.xcassets */ = {isa = PBXFileReference; lastKnownFileType = folder.assetcatalog; path = Assets.xcassets; sourceTree = "<group>"; };
		24DFAB4628838AC3006C6D7F /* Base */ = {isa = PBXFileReference; lastKnownFileType = file.storyboard; name = Base; path = Base.lproj/LaunchScreen.storyboard; sourceTree = "<group>"; };
		24DFAB4828838AC3006C6D7F /* Info.plist */ = {isa = PBXFileReference; lastKnownFileType = text.plist.xml; path = Info.plist; sourceTree = "<group>"; };
		24DFAB5128838CE0006C6D7F /* HistoryViewController.swift */ = {isa = PBXFileReference; lastKnownFileType = sourcecode.swift; path = HistoryViewController.swift; sourceTree = "<group>"; };
		24DFAB5328838CEC006C6D7F /* NewTradeViewController.swift */ = {isa = PBXFileReference; lastKnownFileType = sourcecode.swift; path = NewTradeViewController.swift; sourceTree = "<group>"; };
		24DFAB5528838D06006C6D7F /* NotificationsViewController.swift */ = {isa = PBXFileReference; lastKnownFileType = sourcecode.swift; path = NotificationsViewController.swift; sourceTree = "<group>"; };
		24DFAB5728838D1A006C6D7F /* ProfileViewController.swift */ = {isa = PBXFileReference; lastKnownFileType = sourcecode.swift; path = ProfileViewController.swift; sourceTree = "<group>"; };
		24DFAB5B28838DB7006C6D7F /* LoginViewController.swift */ = {isa = PBXFileReference; lastKnownFileType = sourcecode.swift; path = LoginViewController.swift; sourceTree = "<group>"; };
		24DFAB5E288445EC006C6D7F /* Person.swift */ = {isa = PBXFileReference; lastKnownFileType = sourcecode.swift; path = Person.swift; sourceTree = "<group>"; };
		88F891C3AF86CBC982198FFE /* Pods-forEXperts.release.xcconfig */ = {isa = PBXFileReference; includeInIndex = 1; lastKnownFileType = text.xcconfig; name = "Pods-forEXperts.release.xcconfig"; path = "Target Support Files/Pods-forEXperts/Pods-forEXperts.release.xcconfig"; sourceTree = "<group>"; };
		90131DA5288B6F9B00AC15A4 /* CryptoTableViewCell.swift */ = {isa = PBXFileReference; lastKnownFileType = sourcecode.swift; path = CryptoTableViewCell.swift; sourceTree = "<group>"; };
		90131DA7288B75C700AC15A4 /* Models.swift */ = {isa = PBXFileReference; lastKnownFileType = sourcecode.swift; path = Models.swift; sourceTree = "<group>"; };
		90131DB3288E6D7100AC15A4 /* APICaller.swift */ = {isa = PBXFileReference; lastKnownFileType = sourcecode.swift; path = APICaller.swift; sourceTree = "<group>"; };
		A0044CBE9177F59C85A49517 /* Pods-forEXperts.debug.xcconfig */ = {isa = PBXFileReference; includeInIndex = 1; lastKnownFileType = text.xcconfig; name = "Pods-forEXperts.debug.xcconfig"; path = "Target Support Files/Pods-forEXperts/Pods-forEXperts.debug.xcconfig"; sourceTree = "<group>"; };
		BD33D90BA188B035843263D8 /* Pods_forEXperts.framework */ = {isa = PBXFileReference; explicitFileType = wrapper.framework; includeInIndex = 0; path = Pods_forEXperts.framework; sourceTree = BUILT_PRODUCTS_DIR; };
/* End PBXFileReference section */

/* Begin PBXFrameworksBuildPhase section */
		24DFAB3428838ABB006C6D7F /* Frameworks */ = {
			isa = PBXFrameworksBuildPhase;
			buildActionMask = 2147483647;
			files = (
				4BC0E81D13E1A583EF18151D /* Pods_forEXperts.framework in Frameworks */,
			);
			runOnlyForDeploymentPostprocessing = 0;
		};
/* End PBXFrameworksBuildPhase section */

/* Begin PBXGroup section */
		24DFAB2E28838ABB006C6D7F = {
			isa = PBXGroup;
			children = (
				24DFAB3928838ABB006C6D7F /* forEXperts */,
				24DFAB3828838ABB006C6D7F /* Products */,
				25FD4AEE79C1ECC12B8F0523 /* Pods */,
				C4E1A045D94F95E9F2D31DBE /* Frameworks */,
			);
			sourceTree = "<group>";
		};
		24DFAB3828838ABB006C6D7F /* Products */ = {
			isa = PBXGroup;
			children = (
				24DFAB3728838ABB006C6D7F /* forEXperts.app */,
			);
			name = Products;
			sourceTree = "<group>";
		};
		24DFAB3928838ABB006C6D7F /* forEXperts */ = {
			isa = PBXGroup;
			children = (
				24DFAB5D288445D2006C6D7F /* Classes */,
				24DFAB5028838C55006C6D7F /* Storyboards */,
				24DFAB4F28838C06006C6D7F /* Resources */,
				24DFAB4E28838BEB006C6D7F /* Controllers */,
				24DFAB4828838AC3006C6D7F /* Info.plist */,
			);
			path = forEXperts;
			sourceTree = "<group>";
		};
		24DFAB4E28838BEB006C6D7F /* Controllers */ = {
			isa = PBXGroup;
			children = (
				24DFAB5A28838D99006C6D7F /* Other */,
				24DFAB5928838D57006C6D7F /* Main Tabs */,
			);
			path = Controllers;
			sourceTree = "<group>";
		};
		24DFAB4F28838C06006C6D7F /* Resources */ = {
			isa = PBXGroup;
			children = (
				24DFAB4328838AC3006C6D7F /* Assets.xcassets */,
				24DFAB3C28838ABB006C6D7F /* SceneDelegate.swift */,
				24DFAB3A28838ABB006C6D7F /* AppDelegate.swift */,
				248878812885B24B0097B676 /* Constants.swift */,
			);
			path = Resources;
			sourceTree = "<group>";
		};
		24DFAB5028838C55006C6D7F /* Storyboards */ = {
			isa = PBXGroup;
			children = (
				24DFAB4028838ABB006C6D7F /* Main.storyboard */,
				24DFAB4528838AC3006C6D7F /* LaunchScreen.storyboard */,
			);
			path = Storyboards;
			sourceTree = "<group>";
		};
		24DFAB5928838D57006C6D7F /* Main Tabs */ = {
			isa = PBXGroup;
			children = (
				24DFAB3E28838ABB006C6D7F /* CalendarViewController.swift */,
				24DFAB5128838CE0006C6D7F /* HistoryViewController.swift */,
				24DFAB5328838CEC006C6D7F /* NewTradeViewController.swift */,
				24DFAB5528838D06006C6D7F /* NotificationsViewController.swift */,
				24DFAB5728838D1A006C6D7F /* ProfileViewController.swift */,
			);
			path = "Main Tabs";
			sourceTree = "<group>";
		};
		24DFAB5A28838D99006C6D7F /* Other */ = {
			isa = PBXGroup;
			children = (
				24DFAB5B28838DB7006C6D7F /* LoginViewController.swift */,
			);
			path = Other;
			sourceTree = "<group>";
		};
		24DFAB5D288445D2006C6D7F /* Classes */ = {
			isa = PBXGroup;
			children = (
				24DFAB5E288445EC006C6D7F /* Person.swift */,
				90131DA5288B6F9B00AC15A4 /* CryptoTableViewCell.swift */,
				90131DA7288B75C700AC15A4 /* Models.swift */,
				90131DB3288E6D7100AC15A4 /* APICaller.swift */,
			);
			path = Classes;
			sourceTree = "<group>";
		};
		25FD4AEE79C1ECC12B8F0523 /* Pods */ = {
			isa = PBXGroup;
			children = (
				A0044CBE9177F59C85A49517 /* Pods-forEXperts.debug.xcconfig */,
				88F891C3AF86CBC982198FFE /* Pods-forEXperts.release.xcconfig */,
			);
			name = Pods;
			path = Pods;
			sourceTree = "<group>";
		};
		C4E1A045D94F95E9F2D31DBE /* Frameworks */ = {
			isa = PBXGroup;
			children = (
				BD33D90BA188B035843263D8 /* Pods_forEXperts.framework */,
			);
			name = Frameworks;
			sourceTree = "<group>";
		};
/* End PBXGroup section */

/* Begin PBXNativeTarget section */
		24DFAB3628838ABB006C6D7F /* forEXperts */ = {
			isa = PBXNativeTarget;
			buildConfigurationList = 24DFAB4B28838AC3006C6D7F /* Build configuration list for PBXNativeTarget "forEXperts" */;
			buildPhases = (
				F3A4FCABD33B15072D08AC38 /* [CP] Check Pods Manifest.lock */,
				24DFAB3328838ABB006C6D7F /* Sources */,
				24DFAB3428838ABB006C6D7F /* Frameworks */,
				24DFAB3528838ABB006C6D7F /* Resources */,
				0CCB642ABB4207F0AF5CEAA5 /* [CP] Embed Pods Frameworks */,
			);
			buildRules = (
			);
			dependencies = (
			);
			name = forEXperts;
			productName = forEXperts;
			productReference = 24DFAB3728838ABB006C6D7F /* forEXperts.app */;
			productType = "com.apple.product-type.application";
		};
/* End PBXNativeTarget section */

/* Begin PBXProject section */
		24DFAB2F28838ABB006C6D7F /* Project object */ = {
			isa = PBXProject;
			attributes = {
				BuildIndependentTargetsInParallel = 1;
				LastSwiftUpdateCheck = 1310;
				LastUpgradeCheck = 1310;
				TargetAttributes = {
					24DFAB3628838ABB006C6D7F = {
						CreatedOnToolsVersion = 13.1;
					};
				};
			};
			buildConfigurationList = 24DFAB3228838ABB006C6D7F /* Build configuration list for PBXProject "forEXperts" */;
			compatibilityVersion = "Xcode 13.0";
			developmentRegion = en;
			hasScannedForEncodings = 0;
			knownRegions = (
				en,
				Base,
			);
			mainGroup = 24DFAB2E28838ABB006C6D7F;
			productRefGroup = 24DFAB3828838ABB006C6D7F /* Products */;
			projectDirPath = "";
			projectRoot = "";
			targets = (
				24DFAB3628838ABB006C6D7F /* forEXperts */,
			);
		};
/* End PBXProject section */

/* Begin PBXResourcesBuildPhase section */
		24DFAB3528838ABB006C6D7F /* Resources */ = {
			isa = PBXResourcesBuildPhase;
			buildActionMask = 2147483647;
			files = (
				24DFAB4728838AC3006C6D7F /* LaunchScreen.storyboard in Resources */,
				24DFAB4428838AC3006C6D7F /* Assets.xcassets in Resources */,
				24DFAB4228838ABB006C6D7F /* Main.storyboard in Resources */,
			);
			runOnlyForDeploymentPostprocessing = 0;
		};
/* End PBXResourcesBuildPhase section */

/* Begin PBXShellScriptBuildPhase section */
		0CCB642ABB4207F0AF5CEAA5 /* [CP] Embed Pods Frameworks */ = {
			isa = PBXShellScriptBuildPhase;
			buildActionMask = 2147483647;
			files = (
			);
			inputFileListPaths = (
				"${PODS_ROOT}/Target Support Files/Pods-forEXperts/Pods-forEXperts-frameworks-${CONFIGURATION}-input-files.xcfilelist",
			);
			name = "[CP] Embed Pods Frameworks";
			outputFileListPaths = (
				"${PODS_ROOT}/Target Support Files/Pods-forEXperts/Pods-forEXperts-frameworks-${CONFIGURATION}-output-files.xcfilelist",
			);
			runOnlyForDeploymentPostprocessing = 0;
			shellPath = /bin/sh;
			shellScript = "\"${PODS_ROOT}/Target Support Files/Pods-forEXperts/Pods-forEXperts-frameworks.sh\"\n";
			showEnvVarsInLog = 0;
		};
		F3A4FCABD33B15072D08AC38 /* [CP] Check Pods Manifest.lock */ = {
			isa = PBXShellScriptBuildPhase;
			buildActionMask = 2147483647;
			files = (
			);
			inputFileListPaths = (
			);
			inputPaths = (
				"${PODS_PODFILE_DIR_PATH}/Podfile.lock",
				"${PODS_ROOT}/Manifest.lock",
			);
			name = "[CP] Check Pods Manifest.lock";
			outputFileListPaths = (
			);
			outputPaths = (
				"$(DERIVED_FILE_DIR)/Pods-forEXperts-checkManifestLockResult.txt",
			);
			runOnlyForDeploymentPostprocessing = 0;
			shellPath = /bin/sh;
			shellScript = "diff \"${PODS_PODFILE_DIR_PATH}/Podfile.lock\" \"${PODS_ROOT}/Manifest.lock\" > /dev/null\nif [ $? != 0 ] ; then\n    # print error to STDERR\n    echo \"error: The sandbox is not in sync with the Podfile.lock. Run 'pod install' or update your CocoaPods installation.\" >&2\n    exit 1\nfi\n# This output is used by Xcode 'outputs' to avoid re-running this script phase.\necho \"SUCCESS\" > \"${SCRIPT_OUTPUT_FILE_0}\"\n";
			showEnvVarsInLog = 0;
		};
/* End PBXShellScriptBuildPhase section */

/* Begin PBXSourcesBuildPhase section */
		24DFAB3328838ABB006C6D7F /* Sources */ = {
			isa = PBXSourcesBuildPhase;
			buildActionMask = 2147483647;
			files = (
				24DFAB3F28838ABB006C6D7F /* CalendarViewController.swift in Sources */,
				90131DA8288B75C700AC15A4 /* Models.swift in Sources */,
				90131DB4288E6D7100AC15A4 /* APICaller.swift in Sources */,
				24DFAB3B28838ABB006C6D7F /* AppDelegate.swift in Sources */,
				24DFAB3D28838ABB006C6D7F /* SceneDelegate.swift in Sources */,
				24DFAB5628838D06006C6D7F /* NotificationsViewController.swift in Sources */,
				24DFAB5C28838DB7006C6D7F /* LoginViewController.swift in Sources */,
				248878822885B24B0097B676 /* Constants.swift in Sources */,
				24DFAB5828838D1A006C6D7F /* ProfileViewController.swift in Sources */,
				24DFAB5F288445EC006C6D7F /* Person.swift in Sources */,
				90131DA6288B6F9B00AC15A4 /* CryptoTableViewCell.swift in Sources */,
				24DFAB5228838CE0006C6D7F /* HistoryViewController.swift in Sources */,
				24DFAB5428838CEC006C6D7F /* NewTradeViewController.swift in Sources */,
			);
			runOnlyForDeploymentPostprocessing = 0;
		};
/* End PBXSourcesBuildPhase section */

/* Begin PBXVariantGroup section */
		24DFAB4028838ABB006C6D7F /* Main.storyboard */ = {
			isa = PBXVariantGroup;
			children = (
				24DFAB4128838ABB006C6D7F /* Base */,
			);
			name = Main.storyboard;
			sourceTree = "<group>";
		};
		24DFAB4528838AC3006C6D7F /* LaunchScreen.storyboard */ = {
			isa = PBXVariantGroup;
			children = (
				24DFAB4628838AC3006C6D7F /* Base */,
			);
			name = LaunchScreen.storyboard;
			sourceTree = "<group>";
		};
/* End PBXVariantGroup section */

/* Begin XCBuildConfiguration section */
		24DFAB4928838AC3006C6D7F /* Debug */ = {
			isa = XCBuildConfiguration;
			buildSettings = {
				ALWAYS_SEARCH_USER_PATHS = NO;
				CLANG_ANALYZER_NONNULL = YES;
				CLANG_ANALYZER_NUMBER_OBJECT_CONVERSION = YES_AGGRESSIVE;
				CLANG_CXX_LANGUAGE_STANDARD = "gnu++17";
				CLANG_CXX_LIBRARY = "libc++";
				CLANG_ENABLE_MODULES = YES;
				CLANG_ENABLE_OBJC_ARC = YES;
				CLANG_ENABLE_OBJC_WEAK = YES;
				CLANG_WARN_BLOCK_CAPTURE_AUTORELEASING = YES;
				CLANG_WARN_BOOL_CONVERSION = YES;
				CLANG_WARN_COMMA = YES;
				CLANG_WARN_CONSTANT_CONVERSION = YES;
				CLANG_WARN_DEPRECATED_OBJC_IMPLEMENTATIONS = YES;
				CLANG_WARN_DIRECT_OBJC_ISA_USAGE = YES_ERROR;
				CLANG_WARN_DOCUMENTATION_COMMENTS = YES;
				CLANG_WARN_EMPTY_BODY = YES;
				CLANG_WARN_ENUM_CONVERSION = YES;
				CLANG_WARN_INFINITE_RECURSION = YES;
				CLANG_WARN_INT_CONVERSION = YES;
				CLANG_WARN_NON_LITERAL_NULL_CONVERSION = YES;
				CLANG_WARN_OBJC_IMPLICIT_RETAIN_SELF = YES;
				CLANG_WARN_OBJC_LITERAL_CONVERSION = YES;
				CLANG_WARN_OBJC_ROOT_CLASS = YES_ERROR;
				CLANG_WARN_QUOTED_INCLUDE_IN_FRAMEWORK_HEADER = YES;
				CLANG_WARN_RANGE_LOOP_ANALYSIS = YES;
				CLANG_WARN_STRICT_PROTOTYPES = YES;
				CLANG_WARN_SUSPICIOUS_MOVE = YES;
				CLANG_WARN_UNGUARDED_AVAILABILITY = YES_AGGRESSIVE;
				CLANG_WARN_UNREACHABLE_CODE = YES;
				CLANG_WARN__DUPLICATE_METHOD_MATCH = YES;
				COPY_PHASE_STRIP = NO;
				DEBUG_INFORMATION_FORMAT = dwarf;
				ENABLE_STRICT_OBJC_MSGSEND = YES;
				ENABLE_TESTABILITY = YES;
				GCC_C_LANGUAGE_STANDARD = gnu11;
				GCC_DYNAMIC_NO_PIC = NO;
				GCC_NO_COMMON_BLOCKS = YES;
				GCC_OPTIMIZATION_LEVEL = 0;
				GCC_PREPROCESSOR_DEFINITIONS = (
					"DEBUG=1",
					"$(inherited)",
				);
				GCC_WARN_64_TO_32_BIT_CONVERSION = YES;
				GCC_WARN_ABOUT_RETURN_TYPE = YES_ERROR;
				GCC_WARN_UNDECLARED_SELECTOR = YES;
				GCC_WARN_UNINITIALIZED_AUTOS = YES_AGGRESSIVE;
				GCC_WARN_UNUSED_FUNCTION = YES;
				GCC_WARN_UNUSED_VARIABLE = YES;
				IPHONEOS_DEPLOYMENT_TARGET = 15.0;
				MTL_ENABLE_DEBUG_INFO = INCLUDE_SOURCE;
				MTL_FAST_MATH = YES;
				ONLY_ACTIVE_ARCH = YES;
				SDKROOT = iphoneos;
				SWIFT_ACTIVE_COMPILATION_CONDITIONS = DEBUG;
				SWIFT_OPTIMIZATION_LEVEL = "-Onone";
			};
			name = Debug;
		};
		24DFAB4A28838AC3006C6D7F /* Release */ = {
			isa = XCBuildConfiguration;
			buildSettings = {
				ALWAYS_SEARCH_USER_PATHS = NO;
				CLANG_ANALYZER_NONNULL = YES;
				CLANG_ANALYZER_NUMBER_OBJECT_CONVERSION = YES_AGGRESSIVE;
				CLANG_CXX_LANGUAGE_STANDARD = "gnu++17";
				CLANG_CXX_LIBRARY = "libc++";
				CLANG_ENABLE_MODULES = YES;
				CLANG_ENABLE_OBJC_ARC = YES;
				CLANG_ENABLE_OBJC_WEAK = YES;
				CLANG_WARN_BLOCK_CAPTURE_AUTORELEASING = YES;
				CLANG_WARN_BOOL_CONVERSION = YES;
				CLANG_WARN_COMMA = YES;
				CLANG_WARN_CONSTANT_CONVERSION = YES;
				CLANG_WARN_DEPRECATED_OBJC_IMPLEMENTATIONS = YES;
				CLANG_WARN_DIRECT_OBJC_ISA_USAGE = YES_ERROR;
				CLANG_WARN_DOCUMENTATION_COMMENTS = YES;
				CLANG_WARN_EMPTY_BODY = YES;
				CLANG_WARN_ENUM_CONVERSION = YES;
				CLANG_WARN_INFINITE_RECURSION = YES;
				CLANG_WARN_INT_CONVERSION = YES;
				CLANG_WARN_NON_LITERAL_NULL_CONVERSION = YES;
				CLANG_WARN_OBJC_IMPLICIT_RETAIN_SELF = YES;
				CLANG_WARN_OBJC_LITERAL_CONVERSION = YES;
				CLANG_WARN_OBJC_ROOT_CLASS = YES_ERROR;
				CLANG_WARN_QUOTED_INCLUDE_IN_FRAMEWORK_HEADER = YES;
				CLANG_WARN_RANGE_LOOP_ANALYSIS = YES;
				CLANG_WARN_STRICT_PROTOTYPES = YES;
				CLANG_WARN_SUSPICIOUS_MOVE = YES;
				CLANG_WARN_UNGUARDED_AVAILABILITY = YES_AGGRESSIVE;
				CLANG_WARN_UNREACHABLE_CODE = YES;
				CLANG_WARN__DUPLICATE_METHOD_MATCH = YES;
				COPY_PHASE_STRIP = NO;
				DEBUG_INFORMATION_FORMAT = "dwarf-with-dsym";
				ENABLE_NS_ASSERTIONS = NO;
				ENABLE_STRICT_OBJC_MSGSEND = YES;
				GCC_C_LANGUAGE_STANDARD = gnu11;
				GCC_NO_COMMON_BLOCKS = YES;
				GCC_WARN_64_TO_32_BIT_CONVERSION = YES;
				GCC_WARN_ABOUT_RETURN_TYPE = YES_ERROR;
				GCC_WARN_UNDECLARED_SELECTOR = YES;
				GCC_WARN_UNINITIALIZED_AUTOS = YES_AGGRESSIVE;
				GCC_WARN_UNUSED_FUNCTION = YES;
				GCC_WARN_UNUSED_VARIABLE = YES;
				IPHONEOS_DEPLOYMENT_TARGET = 15.0;
				MTL_ENABLE_DEBUG_INFO = NO;
				MTL_FAST_MATH = YES;
				SDKROOT = iphoneos;
				SWIFT_COMPILATION_MODE = wholemodule;
				SWIFT_OPTIMIZATION_LEVEL = "-O";
				VALIDATE_PRODUCT = YES;
			};
			name = Release;
		};
		24DFAB4C28838AC3006C6D7F /* Debug */ = {
			isa = XCBuildConfiguration;
			baseConfigurationReference = A0044CBE9177F59C85A49517 /* Pods-forEXperts.debug.xcconfig */;
			buildSettings = {
				ASSETCATALOG_COMPILER_APPICON_NAME = AppIcon;
				ASSETCATALOG_COMPILER_GLOBAL_ACCENT_COLOR_NAME = AccentColor;
				CODE_SIGN_STYLE = Automatic;
				CURRENT_PROJECT_VERSION = 1;
				GENERATE_INFOPLIST_FILE = YES;
				INFOPLIST_FILE = forEXperts/Info.plist;
				INFOPLIST_KEY_UIApplicationSupportsIndirectInputEvents = YES;
				INFOPLIST_KEY_UILaunchStoryboardName = LaunchScreen;
				INFOPLIST_KEY_UIMainStoryboardFile = Main;
				INFOPLIST_KEY_UISupportedInterfaceOrientations_iPad = "UIInterfaceOrientationPortrait UIInterfaceOrientationPortraitUpsideDown UIInterfaceOrientationLandscapeLeft UIInterfaceOrientationLandscapeRight";
				INFOPLIST_KEY_UISupportedInterfaceOrientations_iPhone = "UIInterfaceOrientationPortrait UIInterfaceOrientationLandscapeLeft UIInterfaceOrientationLandscapeRight";
				LD_RUNPATH_SEARCH_PATHS = (
					"$(inherited)",
					"@executable_path/Frameworks",
				);
				MARKETING_VERSION = 1.0;
				PRODUCT_BUNDLE_IDENTIFIER = ios.da.fiu.edu.forEXperts;
				PRODUCT_NAME = "$(TARGET_NAME)";
				SWIFT_EMIT_LOC_STRINGS = YES;
				SWIFT_VERSION = 5.0;
				TARGETED_DEVICE_FAMILY = "1,2";
			};
			name = Debug;
		};
		24DFAB4D28838AC3006C6D7F /* Release */ = {
			isa = XCBuildConfiguration;
			baseConfigurationReference = 88F891C3AF86CBC982198FFE /* Pods-forEXperts.release.xcconfig */;
			buildSettings = {
				ASSETCATALOG_COMPILER_APPICON_NAME = AppIcon;
				ASSETCATALOG_COMPILER_GLOBAL_ACCENT_COLOR_NAME = AccentColor;
				CODE_SIGN_STYLE = Automatic;
				CURRENT_PROJECT_VERSION = 1;
				GENERATE_INFOPLIST_FILE = YES;
				INFOPLIST_FILE = forEXperts/Info.plist;
				INFOPLIST_KEY_UIApplicationSupportsIndirectInputEvents = YES;
				INFOPLIST_KEY_UILaunchStoryboardName = LaunchScreen;
				INFOPLIST_KEY_UIMainStoryboardFile = Main;
				INFOPLIST_KEY_UISupportedInterfaceOrientations_iPad = "UIInterfaceOrientationPortrait UIInterfaceOrientationPortraitUpsideDown UIInterfaceOrientationLandscapeLeft UIInterfaceOrientationLandscapeRight";
				INFOPLIST_KEY_UISupportedInterfaceOrientations_iPhone = "UIInterfaceOrientationPortrait UIInterfaceOrientationLandscapeLeft UIInterfaceOrientationLandscapeRight";
				LD_RUNPATH_SEARCH_PATHS = (
					"$(inherited)",
					"@executable_path/Frameworks",
				);
				MARKETING_VERSION = 1.0;
				PRODUCT_BUNDLE_IDENTIFIER = ios.da.fiu.edu.forEXperts;
				PRODUCT_NAME = "$(TARGET_NAME)";
				SWIFT_EMIT_LOC_STRINGS = YES;
				SWIFT_VERSION = 5.0;
				TARGETED_DEVICE_FAMILY = "1,2";
			};
			name = Release;
		};
/* End XCBuildConfiguration section */

/* Begin XCConfigurationList section */
		24DFAB3228838ABB006C6D7F /* Build configuration list for PBXProject "forEXperts" */ = {
			isa = XCConfigurationList;
			buildConfigurations = (
				24DFAB4928838AC3006C6D7F /* Debug */,
				24DFAB4A28838AC3006C6D7F /* Release */,
			);
			defaultConfigurationIsVisible = 0;
			defaultConfigurationName = Release;
		};
		24DFAB4B28838AC3006C6D7F /* Build configuration list for PBXNativeTarget "forEXperts" */ = {
			isa = XCConfigurationList;
			buildConfigurations = (
				24DFAB4C28838AC3006C6D7F /* Debug */,
				24DFAB4D28838AC3006C6D7F /* Release */,
			);
			defaultConfigurationIsVisible = 0;
			defaultConfigurationName = Release;
		};
/* End XCConfigurationList section */
	};
	rootObject = 24DFAB2F28838ABB006C6D7F /* Project object */;
}
